// !$*UTF8*$!
{
	archiveVersion = 1;
	classes = {
	};
	objectVersion = 46;
	objects = {

/* Begin PBXBuildFile section */
		0D46B0E11E45A74D0051FDD6 /* Localizable.strings in Resources */ = {isa = PBXBuildFile; fileRef = 0D46B0E31E45A74D0051FDD6 /* Localizable.strings */; };
		0D51F89E1E43F5B100A86035 /* AppDelegate.swift in Sources */ = {isa = PBXBuildFile; fileRef = 0D51F89D1E43F5B100A86035 /* AppDelegate.swift */; };
		0D51F8A51E43F5B100A86035 /* Assets.xcassets in Resources */ = {isa = PBXBuildFile; fileRef = 0D51F8A41E43F5B100A86035 /* Assets.xcassets */; };
		0D51F8C41E43FF8300A86035 /* GnomesListViewController.swift in Sources */ = {isa = PBXBuildFile; fileRef = 0D51F8C21E43FF8300A86035 /* GnomesListViewController.swift */; };
		0D51F8C51E43FF8300A86035 /* GnomesListViewController.xib in Resources */ = {isa = PBXBuildFile; fileRef = 0D51F8C31E43FF8300A86035 /* GnomesListViewController.xib */; };
		0D51F8C81E44000B00A86035 /* RxMoyaTarget.swift in Sources */ = {isa = PBXBuildFile; fileRef = 0D51F8C71E44000B00A86035 /* RxMoyaTarget.swift */; };
		0D51F8CB1E44010000A86035 /* SampleDataHelper.swift in Sources */ = {isa = PBXBuildFile; fileRef = 0D51F8CA1E44010000A86035 /* SampleDataHelper.swift */; };
		0D51F8CE1E44038E00A86035 /* Response+Gloss.swift in Sources */ = {isa = PBXBuildFile; fileRef = 0D51F8CD1E44038E00A86035 /* Response+Gloss.swift */; };
		0D51F8D11E4403E300A86035 /* Observable+Gloss.swift in Sources */ = {isa = PBXBuildFile; fileRef = 0D51F8D01E4403E300A86035 /* Observable+Gloss.swift */; };
		0D51F8D31E44040300A86035 /* Observable+SubscribeNext.swift in Sources */ = {isa = PBXBuildFile; fileRef = 0D51F8D21E44040300A86035 /* Observable+SubscribeNext.swift */; };
		0D51F8D51E44047800A86035 /* RemoteImageView.swift in Sources */ = {isa = PBXBuildFile; fileRef = 0D51F8D41E44047800A86035 /* RemoteImageView.swift */; };
		0D51F8D81E44050B00A86035 /* UIColor+Gnomes.swift in Sources */ = {isa = PBXBuildFile; fileRef = 0D51F8D71E44050B00A86035 /* UIColor+Gnomes.swift */; };
		0D51F8DA1E44056600A86035 /* UIFont+Gnomes.swift in Sources */ = {isa = PBXBuildFile; fileRef = 0D51F8D91E44056600A86035 /* UIFont+Gnomes.swift */; };
		0D51F8DC1E4405AD00A86035 /* ImagePinchGestureRecognizer.swift in Sources */ = {isa = PBXBuildFile; fileRef = 0D51F8DB1E4405AD00A86035 /* ImagePinchGestureRecognizer.swift */; };
		0D51F9131E44066C00A86035 /* SF-UI-Display-Light.otf in Resources */ = {isa = PBXBuildFile; fileRef = 0D51F9011E44066C00A86035 /* SF-UI-Display-Light.otf */; };
		0D51F9141E44066C00A86035 /* SF-UI-Text-Bold.otf in Resources */ = {isa = PBXBuildFile; fileRef = 0D51F9021E44066C00A86035 /* SF-UI-Text-Bold.otf */; };
		0D51F9151E44066C00A86035 /* SF-UI-Text-Light.otf in Resources */ = {isa = PBXBuildFile; fileRef = 0D51F9031E44066C00A86035 /* SF-UI-Text-Light.otf */; };
		0D51F9161E44066C00A86035 /* SF-UI-Text-Medium.otf in Resources */ = {isa = PBXBuildFile; fileRef = 0D51F9041E44066C00A86035 /* SF-UI-Text-Medium.otf */; };
		0D51F9171E44066C00A86035 /* SF-UI-Text-Regular.otf in Resources */ = {isa = PBXBuildFile; fileRef = 0D51F9051E44066C00A86035 /* SF-UI-Text-Regular.otf */; };
		0D51F9181E44066C00A86035 /* Ubuntu-B.ttf in Resources */ = {isa = PBXBuildFile; fileRef = 0D51F9061E44066C00A86035 /* Ubuntu-B.ttf */; };
		0D51F9191E44066C00A86035 /* Ubuntu-BI.ttf in Resources */ = {isa = PBXBuildFile; fileRef = 0D51F9071E44066C00A86035 /* Ubuntu-BI.ttf */; };
		0D51F91A1E44066C00A86035 /* Ubuntu-C.ttf in Resources */ = {isa = PBXBuildFile; fileRef = 0D51F9081E44066C00A86035 /* Ubuntu-C.ttf */; };
		0D51F91B1E44066C00A86035 /* Ubuntu-L.ttf in Resources */ = {isa = PBXBuildFile; fileRef = 0D51F9091E44066C00A86035 /* Ubuntu-L.ttf */; };
		0D51F91C1E44066C00A86035 /* Ubuntu-LI.ttf in Resources */ = {isa = PBXBuildFile; fileRef = 0D51F90A1E44066C00A86035 /* Ubuntu-LI.ttf */; };
		0D51F91D1E44066C00A86035 /* Ubuntu-M.ttf in Resources */ = {isa = PBXBuildFile; fileRef = 0D51F90B1E44066C00A86035 /* Ubuntu-M.ttf */; };
		0D51F91E1E44066C00A86035 /* Ubuntu-MI.ttf in Resources */ = {isa = PBXBuildFile; fileRef = 0D51F90C1E44066C00A86035 /* Ubuntu-MI.ttf */; };
		0D51F91F1E44066C00A86035 /* Ubuntu-R.ttf in Resources */ = {isa = PBXBuildFile; fileRef = 0D51F90D1E44066C00A86035 /* Ubuntu-R.ttf */; };
		0D51F9201E44066C00A86035 /* Ubuntu-RI.ttf in Resources */ = {isa = PBXBuildFile; fileRef = 0D51F90E1E44066C00A86035 /* Ubuntu-RI.ttf */; };
		0D51F9211E44066C00A86035 /* UbuntuMono-B.ttf in Resources */ = {isa = PBXBuildFile; fileRef = 0D51F90F1E44066C00A86035 /* UbuntuMono-B.ttf */; };
		0D51F9221E44066C00A86035 /* UbuntuMono-BI.ttf in Resources */ = {isa = PBXBuildFile; fileRef = 0D51F9101E44066C00A86035 /* UbuntuMono-BI.ttf */; };
		0D51F9231E44066C00A86035 /* UbuntuMono-R.ttf in Resources */ = {isa = PBXBuildFile; fileRef = 0D51F9111E44066C00A86035 /* UbuntuMono-R.ttf */; };
		0D51F9241E44066C00A86035 /* UbuntuMono-RI.ttf in Resources */ = {isa = PBXBuildFile; fileRef = 0D51F9121E44066C00A86035 /* UbuntuMono-RI.ttf */; };
		0D51F9261E44088E00A86035 /* Gnome.swift in Sources */ = {isa = PBXBuildFile; fileRef = 0D51F9251E44088E00A86035 /* Gnome.swift */; };
		0D51F9281E4408CC00A86035 /* GnomeListViewModel.swift in Sources */ = {isa = PBXBuildFile; fileRef = 0D51F9271E4408CC00A86035 /* GnomeListViewModel.swift */; };
		0D51F92B1E44093000A86035 /* GnomeTableViewCell.swift in Sources */ = {isa = PBXBuildFile; fileRef = 0D51F9291E44093000A86035 /* GnomeTableViewCell.swift */; };
		0D51F92C1E44093000A86035 /* GnomeTableViewCell.xib in Resources */ = {isa = PBXBuildFile; fileRef = 0D51F92A1E44093000A86035 /* GnomeTableViewCell.xib */; };
		0D51F92E1E440B5300A86035 /* GnomesAPI.swift in Sources */ = {isa = PBXBuildFile; fileRef = 0D51F92D1E440B5300A86035 /* GnomesAPI.swift */; };
		0D51F9301E440F8D00A86035 /* UIViewcontoller+Convenience.swift in Sources */ = {isa = PBXBuildFile; fileRef = 0D51F92F1E440F8D00A86035 /* UIViewcontoller+Convenience.swift */; };
		0D51F9321E440FB900A86035 /* APIError.swift in Sources */ = {isa = PBXBuildFile; fileRef = 0D51F9311E440FB900A86035 /* APIError.swift */; };
		0D51F9341E44107500A86035 /* GnomesNetworkingService.swift in Sources */ = {isa = PBXBuildFile; fileRef = 0D51F9331E44107500A86035 /* GnomesNetworkingService.swift */; };
		0D51F9361E4410B500A86035 /* GnomesClient.swift in Sources */ = {isa = PBXBuildFile; fileRef = 0D51F9351E4410B500A86035 /* GnomesClient.swift */; };
		0D51F93B1E44192200A86035 /* GnomeTableViewCellViewModel.swift in Sources */ = {isa = PBXBuildFile; fileRef = 0D51F93A1E44192200A86035 /* GnomeTableViewCellViewModel.swift */; };
		0D51F93D1E4423CF00A86035 /* Coordinator.swift in Sources */ = {isa = PBXBuildFile; fileRef = 0D51F93C1E4423CF00A86035 /* Coordinator.swift */; };
		0D51F93F1E44242500A86035 /* AppCoordinator.swift in Sources */ = {isa = PBXBuildFile; fileRef = 0D51F93E1E44242500A86035 /* AppCoordinator.swift */; };
		0D51F9411E44245600A86035 /* GnomeCoordinator.swift in Sources */ = {isa = PBXBuildFile; fileRef = 0D51F9401E44245600A86035 /* GnomeCoordinator.swift */; };
		0D9D87021E444D730006422A /* GnomeDetailViewController.swift in Sources */ = {isa = PBXBuildFile; fileRef = 0D9D87001E444D730006422A /* GnomeDetailViewController.swift */; };
		0D9D87031E444D730006422A /* GnomeDetailViewController.xib in Resources */ = {isa = PBXBuildFile; fileRef = 0D9D87011E444D730006422A /* GnomeDetailViewController.xib */; };
		0D9D87061E444E700006422A /* GnomeDetailViewModel.swift in Sources */ = {isa = PBXBuildFile; fileRef = 0D9D87051E444E700006422A /* GnomeDetailViewModel.swift */; };
		0DC538DA1E455DA1009DE01A /* DefaultsKey+Gnomes.swift in Sources */ = {isa = PBXBuildFile; fileRef = 0DC538D91E455DA1009DE01A /* DefaultsKey+Gnomes.swift */; };
		C4797E3E2ED672CDBDA2B30B /* Pods_Brastlewark.framework in Frameworks */ = {isa = PBXBuildFile; fileRef = 725CE25CAA4C55091CDD3EBD /* Pods_Brastlewark.framework */; };
/* End PBXBuildFile section */

/* Begin PBXFileReference section */
		0D46B0E21E45A74D0051FDD6 /* en */ = {isa = PBXFileReference; lastKnownFileType = text.plist.strings; name = en; path = en.lproj/Localizable.strings; sourceTree = "<group>"; };
		0D46B0E41E45A7590051FDD6 /* es */ = {isa = PBXFileReference; lastKnownFileType = text.plist.strings; name = es; path = es.lproj/Localizable.strings; sourceTree = "<group>"; };
		0D51F89A1E43F5B100A86035 /* Brastlewark.app */ = {isa = PBXFileReference; explicitFileType = wrapper.application; includeInIndex = 0; path = Brastlewark.app; sourceTree = BUILT_PRODUCTS_DIR; };
		0D51F89D1E43F5B100A86035 /* AppDelegate.swift */ = {isa = PBXFileReference; lastKnownFileType = sourcecode.swift; path = AppDelegate.swift; sourceTree = "<group>"; };
		0D51F8A41E43F5B100A86035 /* Assets.xcassets */ = {isa = PBXFileReference; lastKnownFileType = folder.assetcatalog; path = Assets.xcassets; sourceTree = "<group>"; };
		0D51F8A91E43F5B100A86035 /* Info.plist */ = {isa = PBXFileReference; lastKnownFileType = text.plist.xml; path = Info.plist; sourceTree = "<group>"; };
		0D51F8C21E43FF8300A86035 /* GnomesListViewController.swift */ = {isa = PBXFileReference; fileEncoding = 4; lastKnownFileType = sourcecode.swift; path = GnomesListViewController.swift; sourceTree = "<group>"; };
		0D51F8C31E43FF8300A86035 /* GnomesListViewController.xib */ = {isa = PBXFileReference; fileEncoding = 4; lastKnownFileType = file.xib; path = GnomesListViewController.xib; sourceTree = "<group>"; };
		0D51F8C71E44000B00A86035 /* RxMoyaTarget.swift */ = {isa = PBXFileReference; fileEncoding = 4; lastKnownFileType = sourcecode.swift; path = RxMoyaTarget.swift; sourceTree = "<group>"; };
		0D51F8CA1E44010000A86035 /* SampleDataHelper.swift */ = {isa = PBXFileReference; fileEncoding = 4; lastKnownFileType = sourcecode.swift; path = SampleDataHelper.swift; sourceTree = "<group>"; };
		0D51F8CD1E44038E00A86035 /* Response+Gloss.swift */ = {isa = PBXFileReference; fileEncoding = 4; lastKnownFileType = sourcecode.swift; path = "Response+Gloss.swift"; sourceTree = "<group>"; };
		0D51F8D01E4403E300A86035 /* Observable+Gloss.swift */ = {isa = PBXFileReference; fileEncoding = 4; lastKnownFileType = sourcecode.swift; path = "Observable+Gloss.swift"; sourceTree = "<group>"; };
		0D51F8D21E44040300A86035 /* Observable+SubscribeNext.swift */ = {isa = PBXFileReference; fileEncoding = 4; lastKnownFileType = sourcecode.swift; path = "Observable+SubscribeNext.swift"; sourceTree = "<group>"; };
		0D51F8D41E44047800A86035 /* RemoteImageView.swift */ = {isa = PBXFileReference; fileEncoding = 4; lastKnownFileType = sourcecode.swift; path = RemoteImageView.swift; sourceTree = "<group>"; };
		0D51F8D71E44050B00A86035 /* UIColor+Gnomes.swift */ = {isa = PBXFileReference; fileEncoding = 4; lastKnownFileType = sourcecode.swift; path = "UIColor+Gnomes.swift"; sourceTree = "<group>"; };
		0D51F8D91E44056600A86035 /* UIFont+Gnomes.swift */ = {isa = PBXFileReference; fileEncoding = 4; lastKnownFileType = sourcecode.swift; path = "UIFont+Gnomes.swift"; sourceTree = "<group>"; };
		0D51F8DB1E4405AD00A86035 /* ImagePinchGestureRecognizer.swift */ = {isa = PBXFileReference; fileEncoding = 4; lastKnownFileType = sourcecode.swift; path = ImagePinchGestureRecognizer.swift; sourceTree = "<group>"; };
		0D51F9011E44066C00A86035 /* SF-UI-Display-Light.otf */ = {isa = PBXFileReference; lastKnownFileType = file; path = "SF-UI-Display-Light.otf"; sourceTree = "<group>"; };
		0D51F9021E44066C00A86035 /* SF-UI-Text-Bold.otf */ = {isa = PBXFileReference; lastKnownFileType = file; path = "SF-UI-Text-Bold.otf"; sourceTree = "<group>"; };
		0D51F9031E44066C00A86035 /* SF-UI-Text-Light.otf */ = {isa = PBXFileReference; lastKnownFileType = file; path = "SF-UI-Text-Light.otf"; sourceTree = "<group>"; };
		0D51F9041E44066C00A86035 /* SF-UI-Text-Medium.otf */ = {isa = PBXFileReference; lastKnownFileType = file; path = "SF-UI-Text-Medium.otf"; sourceTree = "<group>"; };
		0D51F9051E44066C00A86035 /* SF-UI-Text-Regular.otf */ = {isa = PBXFileReference; lastKnownFileType = file; path = "SF-UI-Text-Regular.otf"; sourceTree = "<group>"; };
		0D51F9061E44066C00A86035 /* Ubuntu-B.ttf */ = {isa = PBXFileReference; lastKnownFileType = file; path = "Ubuntu-B.ttf"; sourceTree = "<group>"; };
		0D51F9071E44066C00A86035 /* Ubuntu-BI.ttf */ = {isa = PBXFileReference; lastKnownFileType = file; path = "Ubuntu-BI.ttf"; sourceTree = "<group>"; };
		0D51F9081E44066C00A86035 /* Ubuntu-C.ttf */ = {isa = PBXFileReference; lastKnownFileType = file; path = "Ubuntu-C.ttf"; sourceTree = "<group>"; };
		0D51F9091E44066C00A86035 /* Ubuntu-L.ttf */ = {isa = PBXFileReference; lastKnownFileType = file; path = "Ubuntu-L.ttf"; sourceTree = "<group>"; };
		0D51F90A1E44066C00A86035 /* Ubuntu-LI.ttf */ = {isa = PBXFileReference; lastKnownFileType = file; path = "Ubuntu-LI.ttf"; sourceTree = "<group>"; };
		0D51F90B1E44066C00A86035 /* Ubuntu-M.ttf */ = {isa = PBXFileReference; lastKnownFileType = file; path = "Ubuntu-M.ttf"; sourceTree = "<group>"; };
		0D51F90C1E44066C00A86035 /* Ubuntu-MI.ttf */ = {isa = PBXFileReference; lastKnownFileType = file; path = "Ubuntu-MI.ttf"; sourceTree = "<group>"; };
		0D51F90D1E44066C00A86035 /* Ubuntu-R.ttf */ = {isa = PBXFileReference; lastKnownFileType = file; path = "Ubuntu-R.ttf"; sourceTree = "<group>"; };
		0D51F90E1E44066C00A86035 /* Ubuntu-RI.ttf */ = {isa = PBXFileReference; lastKnownFileType = file; path = "Ubuntu-RI.ttf"; sourceTree = "<group>"; };
		0D51F90F1E44066C00A86035 /* UbuntuMono-B.ttf */ = {isa = PBXFileReference; lastKnownFileType = file; path = "UbuntuMono-B.ttf"; sourceTree = "<group>"; };
		0D51F9101E44066C00A86035 /* UbuntuMono-BI.ttf */ = {isa = PBXFileReference; lastKnownFileType = file; path = "UbuntuMono-BI.ttf"; sourceTree = "<group>"; };
		0D51F9111E44066C00A86035 /* UbuntuMono-R.ttf */ = {isa = PBXFileReference; lastKnownFileType = file; path = "UbuntuMono-R.ttf"; sourceTree = "<group>"; };
		0D51F9121E44066C00A86035 /* UbuntuMono-RI.ttf */ = {isa = PBXFileReference; lastKnownFileType = file; path = "UbuntuMono-RI.ttf"; sourceTree = "<group>"; };
		0D51F9251E44088E00A86035 /* Gnome.swift */ = {isa = PBXFileReference; fileEncoding = 4; lastKnownFileType = sourcecode.swift; path = Gnome.swift; sourceTree = "<group>"; };
		0D51F9271E4408CC00A86035 /* GnomeListViewModel.swift */ = {isa = PBXFileReference; fileEncoding = 4; lastKnownFileType = sourcecode.swift; path = GnomeListViewModel.swift; sourceTree = "<group>"; };
		0D51F9291E44093000A86035 /* GnomeTableViewCell.swift */ = {isa = PBXFileReference; fileEncoding = 4; lastKnownFileType = sourcecode.swift; path = GnomeTableViewCell.swift; sourceTree = "<group>"; };
		0D51F92A1E44093000A86035 /* GnomeTableViewCell.xib */ = {isa = PBXFileReference; fileEncoding = 4; lastKnownFileType = file.xib; path = GnomeTableViewCell.xib; sourceTree = "<group>"; };
		0D51F92D1E440B5300A86035 /* GnomesAPI.swift */ = {isa = PBXFileReference; fileEncoding = 4; lastKnownFileType = sourcecode.swift; path = GnomesAPI.swift; sourceTree = "<group>"; };
		0D51F92F1E440F8D00A86035 /* UIViewcontoller+Convenience.swift */ = {isa = PBXFileReference; fileEncoding = 4; lastKnownFileType = sourcecode.swift; path = "UIViewcontoller+Convenience.swift"; sourceTree = "<group>"; };
		0D51F9311E440FB900A86035 /* APIError.swift */ = {isa = PBXFileReference; fileEncoding = 4; lastKnownFileType = sourcecode.swift; path = APIError.swift; sourceTree = "<group>"; };
		0D51F9331E44107500A86035 /* GnomesNetworkingService.swift */ = {isa = PBXFileReference; fileEncoding = 4; lastKnownFileType = sourcecode.swift; path = GnomesNetworkingService.swift; sourceTree = "<group>"; };
		0D51F9351E4410B500A86035 /* GnomesClient.swift */ = {isa = PBXFileReference; fileEncoding = 4; lastKnownFileType = sourcecode.swift; path = GnomesClient.swift; sourceTree = "<group>"; };
		0D51F93A1E44192200A86035 /* GnomeTableViewCellViewModel.swift */ = {isa = PBXFileReference; fileEncoding = 4; lastKnownFileType = sourcecode.swift; path = GnomeTableViewCellViewModel.swift; sourceTree = "<group>"; };
		0D51F93C1E4423CF00A86035 /* Coordinator.swift */ = {isa = PBXFileReference; fileEncoding = 4; lastKnownFileType = sourcecode.swift; path = Coordinator.swift; sourceTree = "<group>"; };
		0D51F93E1E44242500A86035 /* AppCoordinator.swift */ = {isa = PBXFileReference; fileEncoding = 4; lastKnownFileType = sourcecode.swift; path = AppCoordinator.swift; sourceTree = "<group>"; };
		0D51F9401E44245600A86035 /* GnomeCoordinator.swift */ = {isa = PBXFileReference; fileEncoding = 4; lastKnownFileType = sourcecode.swift; path = GnomeCoordinator.swift; sourceTree = "<group>"; };
		0D9D87001E444D730006422A /* GnomeDetailViewController.swift */ = {isa = PBXFileReference; fileEncoding = 4; lastKnownFileType = sourcecode.swift; path = GnomeDetailViewController.swift; sourceTree = "<group>"; };
		0D9D87011E444D730006422A /* GnomeDetailViewController.xib */ = {isa = PBXFileReference; fileEncoding = 4; lastKnownFileType = file.xib; path = GnomeDetailViewController.xib; sourceTree = "<group>"; };
		0D9D87051E444E700006422A /* GnomeDetailViewModel.swift */ = {isa = PBXFileReference; fileEncoding = 4; lastKnownFileType = sourcecode.swift; path = GnomeDetailViewModel.swift; sourceTree = "<group>"; };
		0DC538D91E455DA1009DE01A /* DefaultsKey+Gnomes.swift */ = {isa = PBXFileReference; fileEncoding = 4; lastKnownFileType = sourcecode.swift; path = "DefaultsKey+Gnomes.swift"; sourceTree = "<group>"; };
		725CE25CAA4C55091CDD3EBD /* Pods_Brastlewark.framework */ = {isa = PBXFileReference; explicitFileType = wrapper.framework; includeInIndex = 0; path = Pods_Brastlewark.framework; sourceTree = BUILT_PRODUCTS_DIR; };
		B08C31FF1049605018AA3D65 /* Pods-Brastlewark.release.xcconfig */ = {isa = PBXFileReference; includeInIndex = 1; lastKnownFileType = text.xcconfig; name = "Pods-Brastlewark.release.xcconfig"; path = "Pods/Target Support Files/Pods-Brastlewark/Pods-Brastlewark.release.xcconfig"; sourceTree = "<group>"; };
		E2BC461B909E41A42E4E822F /* Pods-Brastlewark.debug.xcconfig */ = {isa = PBXFileReference; includeInIndex = 1; lastKnownFileType = text.xcconfig; name = "Pods-Brastlewark.debug.xcconfig"; path = "Pods/Target Support Files/Pods-Brastlewark/Pods-Brastlewark.debug.xcconfig"; sourceTree = "<group>"; };
/* End PBXFileReference section */

/* Begin PBXFrameworksBuildPhase section */
		0D51F8971E43F5B100A86035 /* Frameworks */ = {
			isa = PBXFrameworksBuildPhase;
			buildActionMask = 2147483647;
			files = (
				C4797E3E2ED672CDBDA2B30B /* Pods_Brastlewark.framework in Frameworks */,
			);
			runOnlyForDeploymentPostprocessing = 0;
		};
/* End PBXFrameworksBuildPhase section */

/* Begin PBXGroup section */
		01D2EFF5BAA0169567833131 /* Pods */ = {
			isa = PBXGroup;
			children = (
				E2BC461B909E41A42E4E822F /* Pods-Brastlewark.debug.xcconfig */,
				B08C31FF1049605018AA3D65 /* Pods-Brastlewark.release.xcconfig */,
			);
			name = Pods;
			sourceTree = "<group>";
		};
		0D51F8911E43F5B100A86035 = {
			isa = PBXGroup;
			children = (
				0D51F89C1E43F5B100A86035 /* Brastlewark */,
				4A59AC9115F0B230ADE6259B /* Frameworks */,
				01D2EFF5BAA0169567833131 /* Pods */,
				0D51F89B1E43F5B100A86035 /* Products */,
				0D51F8B01E43F60D00A86035 /* Support Files */,
			);
			sourceTree = "<group>";
		};
		0D51F89B1E43F5B100A86035 /* Products */ = {
			isa = PBXGroup;
			children = (
				0D51F89A1E43F5B100A86035 /* Brastlewark.app */,
			);
			name = Products;
			sourceTree = "<group>";
		};
		0D51F89C1E43F5B100A86035 /* Brastlewark */ = {
			isa = PBXGroup;
			children = (
				0D51F8B21E43F65A00A86035 /* API */,
				0D51F8B81E43F69600A86035 /* Models */,
				0D51F8B41E43F66800A86035 /* Navigation */,
				0D51F8B51E43F67400A86035 /* Utilities */,
				0D9D86FE1E444D2A0006422A /* ViewControllers */,
				0D51F89D1E43F5B100A86035 /* AppDelegate.swift */,
			);
			path = Brastlewark;
			sourceTree = "<group>";
		};
		0D51F8AF1E43F60300A86035 /* Resources */ = {
			isa = PBXGroup;
			children = (
				0D51F8BA1E43F6B700A86035 /* Assets */,
				0D51F8B91E43F6A000A86035 /* Fonts */,
				0D51F8BB1E43F6CF00A86035 /* Localizable */,
			);
			path = Resources;
			sourceTree = "<group>";
		};
		0D51F8B01E43F60D00A86035 /* Support Files */ = {
			isa = PBXGroup;
			children = (
				0D51F8A91E43F5B100A86035 /* Info.plist */,
			);
			path = "Support Files";
			sourceTree = "<group>";
		};
		0D51F8B11E43F62000A86035 /* GnomeDetail */ = {
			isa = PBXGroup;
			children = (
				0D9D87041E444E5E0006422A /* View Model */,
				0D9D87001E444D730006422A /* GnomeDetailViewController.swift */,
				0D9D87011E444D730006422A /* GnomeDetailViewController.xib */,
			);
			name = GnomeDetail;
			path = GnomeDetail;
			sourceTree = "<group>";
		};
		0D51F8B21E43F65A00A86035 /* API */ = {
			isa = PBXGroup;
			children = (
				0D51F8C61E43FFE700A86035 /* Networking */,
				0D51F8B31E43F65F00A86035 /* Services */,
				0D51F92D1E440B5300A86035 /* GnomesAPI.swift */,
			);
			path = API;
			sourceTree = "<group>";
		};
		0D51F8B31E43F65F00A86035 /* Services */ = {
			isa = PBXGroup;
			children = (
				0D51F9331E44107500A86035 /* GnomesNetworkingService.swift */,
			);
			path = Services;
			sourceTree = "<group>";
		};
		0D51F8B41E43F66800A86035 /* Navigation */ = {
			isa = PBXGroup;
			children = (
				0D51F8BC1E43F6E500A86035 /* Coordinators */,
				0D51F93C1E4423CF00A86035 /* Coordinator.swift */,
			);
			path = Navigation;
			sourceTree = "<group>";
		};
		0D51F8B51E43F67400A86035 /* Utilities */ = {
			isa = PBXGroup;
			children = (
				0D51F8BD1E43F6F100A86035 /* CustomViews */,
				0D51F8B71E43F68300A86035 /* Extensions */,
				0D51F8C91E4400C900A86035 /* Helpers */,
				0D51F8B61E43F67900A86035 /* Protocols */,
				0D51F8AF1E43F60300A86035 /* Resources */,
			);
			path = Utilities;
			sourceTree = "<group>";
		};
		0D51F8B61E43F67900A86035 /* Protocols */ = {
			isa = PBXGroup;
			children = (
			);
			path = Protocols;
			sourceTree = "<group>";
		};
		0D51F8B71E43F68300A86035 /* Extensions */ = {
			isa = PBXGroup;
			children = (
				0D51F8CC1E44037600A86035 /* RxMoya */,
				0D51F8CF1E4403CB00A86035 /* RxSwift */,
				0DC538D91E455DA1009DE01A /* DefaultsKey+Gnomes.swift */,
				0D51F8DB1E4405AD00A86035 /* ImagePinchGestureRecognizer.swift */,
				0D51F8D71E44050B00A86035 /* UIColor+Gnomes.swift */,
				0D51F8D91E44056600A86035 /* UIFont+Gnomes.swift */,
				0D51F92F1E440F8D00A86035 /* UIViewcontoller+Convenience.swift */,
			);
			path = Extensions;
			sourceTree = "<group>";
		};
		0D51F8B81E43F69600A86035 /* Models */ = {
			isa = PBXGroup;
			children = (
				0D51F9251E44088E00A86035 /* Gnome.swift */,
			);
			path = Models;
			sourceTree = "<group>";
		};
		0D51F8B91E43F6A000A86035 /* Fonts */ = {
			isa = PBXGroup;
			children = (
				0D51F9011E44066C00A86035 /* SF-UI-Display-Light.otf */,
				0D51F9021E44066C00A86035 /* SF-UI-Text-Bold.otf */,
				0D51F9031E44066C00A86035 /* SF-UI-Text-Light.otf */,
				0D51F9041E44066C00A86035 /* SF-UI-Text-Medium.otf */,
				0D51F9051E44066C00A86035 /* SF-UI-Text-Regular.otf */,
				0D51F9061E44066C00A86035 /* Ubuntu-B.ttf */,
				0D51F9071E44066C00A86035 /* Ubuntu-BI.ttf */,
				0D51F9081E44066C00A86035 /* Ubuntu-C.ttf */,
				0D51F9091E44066C00A86035 /* Ubuntu-L.ttf */,
				0D51F90A1E44066C00A86035 /* Ubuntu-LI.ttf */,
				0D51F90B1E44066C00A86035 /* Ubuntu-M.ttf */,
				0D51F90C1E44066C00A86035 /* Ubuntu-MI.ttf */,
				0D51F90D1E44066C00A86035 /* Ubuntu-R.ttf */,
				0D51F90E1E44066C00A86035 /* Ubuntu-RI.ttf */,
				0D51F90F1E44066C00A86035 /* UbuntuMono-B.ttf */,
				0D51F9101E44066C00A86035 /* UbuntuMono-BI.ttf */,
				0D51F9111E44066C00A86035 /* UbuntuMono-R.ttf */,
				0D51F9121E44066C00A86035 /* UbuntuMono-RI.ttf */,
			);
			name = Fonts;
			path = Fonts;
			sourceTree = "<group>";
		};
		0D51F8BA1E43F6B700A86035 /* Assets */ = {
			isa = PBXGroup;
			children = (
				0D51F8A41E43F5B100A86035 /* Assets.xcassets */,
			);
			path = Assets;
			sourceTree = "<group>";
		};
		0D51F8BB1E43F6CF00A86035 /* Localizable */ = {
			isa = PBXGroup;
			children = (
				0D46B0E31E45A74D0051FDD6 /* Localizable.strings */,
			);
			name = Localizable;
			path = Localizable;
			sourceTree = "<group>";
		};
		0D51F8BC1E43F6E500A86035 /* Coordinators */ = {
			isa = PBXGroup;
			children = (
				0D51F93E1E44242500A86035 /* AppCoordinator.swift */,
				0D51F9401E44245600A86035 /* GnomeCoordinator.swift */,
			);
			path = Coordinators;
			sourceTree = "<group>";
		};
		0D51F8BD1E43F6F100A86035 /* CustomViews */ = {
			isa = PBXGroup;
			children = (
				0D51F8D41E44047800A86035 /* RemoteImageView.swift */,
			);
			name = CustomViews;
			path = CustomViews;
			sourceTree = "<group>";
		};
		0D51F8C61E43FFE700A86035 /* Networking */ = {
			isa = PBXGroup;
			children = (
				0D51F9311E440FB900A86035 /* APIError.swift */,
				0D51F9351E4410B500A86035 /* GnomesClient.swift */,
				0D51F8C71E44000B00A86035 /* RxMoyaTarget.swift */,
			);
			path = Networking;
			sourceTree = "<group>";
		};
		0D51F8C91E4400C900A86035 /* Helpers */ = {
			isa = PBXGroup;
			children = (
				0D51F8CA1E44010000A86035 /* SampleDataHelper.swift */,
			);
			path = Helpers;
			sourceTree = "<group>";
		};
		0D51F8CC1E44037600A86035 /* RxMoya */ = {
			isa = PBXGroup;
			children = (
				0D51F8CD1E44038E00A86035 /* Response+Gloss.swift */,
			);
			path = RxMoya;
			sourceTree = "<group>";
		};
		0D51F8CF1E4403CB00A86035 /* RxSwift */ = {
			isa = PBXGroup;
			children = (
				0D51F8D01E4403E300A86035 /* Observable+Gloss.swift */,
				0D51F8D21E44040300A86035 /* Observable+SubscribeNext.swift */,
			);
			path = RxSwift;
			sourceTree = "<group>";
		};
		0D51F9371E44174300A86035 /* ListGnomes */ = {
			isa = PBXGroup;
			children = (
				0D51F9391E44189000A86035 /* ViewModel */,
				0D51F9381E44175E00A86035 /* Views */,
				0D51F8C21E43FF8300A86035 /* GnomesListViewController.swift */,
				0D51F8C31E43FF8300A86035 /* GnomesListViewController.xib */,
			);
			path = ListGnomes;
			sourceTree = "<group>";
		};
		0D51F9381E44175E00A86035 /* Views */ = {
			isa = PBXGroup;
			children = (
				0D51F9291E44093000A86035 /* GnomeTableViewCell.swift */,
				0D51F92A1E44093000A86035 /* GnomeTableViewCell.xib */,
				0D51F93A1E44192200A86035 /* GnomeTableViewCellViewModel.swift */,
			);
			path = Views;
			sourceTree = "<group>";
		};
		0D51F9391E44189000A86035 /* ViewModel */ = {
			isa = PBXGroup;
			children = (
				0D51F9271E4408CC00A86035 /* GnomeListViewModel.swift */,
			);
			path = ViewModel;
			sourceTree = "<group>";
		};
		0D9D86FE1E444D2A0006422A /* ViewControllers */ = {
			isa = PBXGroup;
			children = (
				0D9D86FF1E444D410006422A /* Gnome */,
			);
			path = ViewControllers;
			sourceTree = "<group>";
		};
		0D9D86FF1E444D410006422A /* Gnome */ = {
			isa = PBXGroup;
			children = (
				0D51F8B11E43F62000A86035 /* GnomeDetail */,
				0D51F9371E44174300A86035 /* ListGnomes */,
			);
			path = Gnome;
			sourceTree = "<group>";
		};
		0D9D87041E444E5E0006422A /* View Model */ = {
			isa = PBXGroup;
			children = (
				0D9D87051E444E700006422A /* GnomeDetailViewModel.swift */,
			);
			path = "View Model";
			sourceTree = "<group>";
		};
		4A59AC9115F0B230ADE6259B /* Frameworks */ = {
			isa = PBXGroup;
			children = (
				725CE25CAA4C55091CDD3EBD /* Pods_Brastlewark.framework */,
			);
			name = Frameworks;
			sourceTree = "<group>";
		};
/* End PBXGroup section */

/* Begin PBXNativeTarget section */
		0D51F8991E43F5B100A86035 /* Brastlewark */ = {
			isa = PBXNativeTarget;
			buildConfigurationList = 0D51F8AC1E43F5B100A86035 /* Build configuration list for PBXNativeTarget "Brastlewark" */;
			buildPhases = (
				9184DAA23437193EBE1784AF /* [CP] Check Pods Manifest.lock */,
				0D51F8961E43F5B100A86035 /* Sources */,
				0D51F8971E43F5B100A86035 /* Frameworks */,
				0D51F8981E43F5B100A86035 /* Resources */,
				0DC538DB1E459374009DE01A /* Swift Lint Run Script */,
				1022B1896AE7F0DAF7245426 /* [CP] Embed Pods Frameworks */,
				B567E023B3174659079FDD62 /* [CP] Copy Pods Resources */,
			);
			buildRules = (
			);
			dependencies = (
			);
			name = Brastlewark;
			productName = brastlewark;
			productReference = 0D51F89A1E43F5B100A86035 /* Brastlewark.app */;
			productType = "com.apple.product-type.application";
		};
/* End PBXNativeTarget section */

/* Begin PBXProject section */
		0D51F8921E43F5B100A86035 /* Project object */ = {
			isa = PBXProject;
			attributes = {
				LastSwiftUpdateCheck = 0820;
				LastUpgradeCheck = 0820;
				ORGANIZATIONNAME = "Abel Osorio";
				TargetAttributes = {
					0D51F8991E43F5B100A86035 = {
						CreatedOnToolsVersion = 8.2.1;
						DevelopmentTeam = 6FWWP4MAGN;
						ProvisioningStyle = Automatic;
					};
				};
			};
			buildConfigurationList = 0D51F8951E43F5B100A86035 /* Build configuration list for PBXProject "Brastlewark" */;
			compatibilityVersion = "Xcode 3.2";
			developmentRegion = English;
			hasScannedForEncodings = 0;
			knownRegions = (
				en,
				es,
			);
			mainGroup = 0D51F8911E43F5B100A86035;
			productRefGroup = 0D51F89B1E43F5B100A86035 /* Products */;
			projectDirPath = "";
			projectRoot = "";
			targets = (
				0D51F8991E43F5B100A86035 /* Brastlewark */,
			);
		};
/* End PBXProject section */

/* Begin PBXResourcesBuildPhase section */
		0D51F8981E43F5B100A86035 /* Resources */ = {
			isa = PBXResourcesBuildPhase;
			buildActionMask = 2147483647;
			files = (
				0D51F91B1E44066C00A86035 /* Ubuntu-L.ttf in Resources */,
				0D51F91D1E44066C00A86035 /* Ubuntu-M.ttf in Resources */,
				0D51F9141E44066C00A86035 /* SF-UI-Text-Bold.otf in Resources */,
				0D51F9231E44066C00A86035 /* UbuntuMono-R.ttf in Resources */,
				0D51F92C1E44093000A86035 /* GnomeTableViewCell.xib in Resources */,
				0D51F9171E44066C00A86035 /* SF-UI-Text-Regular.otf in Resources */,
				0D51F8C51E43FF8300A86035 /* GnomesListViewController.xib in Resources */,
				0D9D87031E444D730006422A /* GnomeDetailViewController.xib in Resources */,
				0D51F9201E44066C00A86035 /* Ubuntu-RI.ttf in Resources */,
				0D51F91E1E44066C00A86035 /* Ubuntu-MI.ttf in Resources */,
				0D51F9221E44066C00A86035 /* UbuntuMono-BI.ttf in Resources */,
				0D51F9131E44066C00A86035 /* SF-UI-Display-Light.otf in Resources */,
				0D46B0E11E45A74D0051FDD6 /* Localizable.strings in Resources */,
				0D51F91A1E44066C00A86035 /* Ubuntu-C.ttf in Resources */,
				0D51F9151E44066C00A86035 /* SF-UI-Text-Light.otf in Resources */,
				0D51F9211E44066C00A86035 /* UbuntuMono-B.ttf in Resources */,
				0D51F91F1E44066C00A86035 /* Ubuntu-R.ttf in Resources */,
				0D51F9191E44066C00A86035 /* Ubuntu-BI.ttf in Resources */,
				0D51F9181E44066C00A86035 /* Ubuntu-B.ttf in Resources */,
				0D51F91C1E44066C00A86035 /* Ubuntu-LI.ttf in Resources */,
				0D51F9161E44066C00A86035 /* SF-UI-Text-Medium.otf in Resources */,
				0D51F8A51E43F5B100A86035 /* Assets.xcassets in Resources */,
				0D51F9241E44066C00A86035 /* UbuntuMono-RI.ttf in Resources */,
			);
			runOnlyForDeploymentPostprocessing = 0;
		};
/* End PBXResourcesBuildPhase section */

/* Begin PBXShellScriptBuildPhase section */
		0DC538DB1E459374009DE01A /* Swift Lint Run Script */ = {
			isa = PBXShellScriptBuildPhase;
			buildActionMask = 2147483647;
			files = (
			);
			inputPaths = (
			);
			name = "Swift Lint Run Script";
			outputPaths = (
			);
			runOnlyForDeploymentPostprocessing = 0;
			shellPath = /bin/sh;
			shellScript = "if which swiftlint >/dev/null; then\ncount=0\nfor file_path in $(git ls-files -om --exclude-from=.gitignore | grep \".swift$\"); do\nexport SCRIPT_INPUT_FILE_$count=$file_path\ncount=$((count + 1))\ndone\nfor file_path in $(git diff --cached --name-only | grep \".swift$\"); do\nexport SCRIPT_INPUT_FILE_$count=$file_path\ncount=$((count + 1))\ndone\n\nif [ $count -gt 0 ]; then\nexport SCRIPT_INPUT_FILE_COUNT=$count\nswiftlint lint --use-script-input-files\nfi\nelse\necho \"warning: SwiftLint not installed, download from https://github.com/realm/SwiftLint\"\nfi";
		};
		1022B1896AE7F0DAF7245426 /* [CP] Embed Pods Frameworks */ = {
			isa = PBXShellScriptBuildPhase;
			buildActionMask = 2147483647;
			files = (
			);
			inputPaths = (
			);
			name = "[CP] Embed Pods Frameworks";
			outputPaths = (
			);
			runOnlyForDeploymentPostprocessing = 0;
			shellPath = /bin/sh;
			shellScript = "\"${SRCROOT}/Pods/Target Support Files/Pods-Brastlewark/Pods-Brastlewark-frameworks.sh\"\n";
			showEnvVarsInLog = 0;
		};
		9184DAA23437193EBE1784AF /* [CP] Check Pods Manifest.lock */ = {
			isa = PBXShellScriptBuildPhase;
			buildActionMask = 2147483647;
			files = (
			);
			inputPaths = (
			);
			name = "[CP] Check Pods Manifest.lock";
			outputPaths = (
			);
			runOnlyForDeploymentPostprocessing = 0;
			shellPath = /bin/sh;
			shellScript = "diff \"${PODS_ROOT}/../Podfile.lock\" \"${PODS_ROOT}/Manifest.lock\" > /dev/null\nif [ $? != 0 ] ; then\n    # print error to STDERR\n    echo \"error: The sandbox is not in sync with the Podfile.lock. Run 'pod install' or update your CocoaPods installation.\" >&2\n    exit 1\nfi\n";
			showEnvVarsInLog = 0;
		};
		B567E023B3174659079FDD62 /* [CP] Copy Pods Resources */ = {
			isa = PBXShellScriptBuildPhase;
			buildActionMask = 2147483647;
			files = (
			);
			inputPaths = (
			);
			name = "[CP] Copy Pods Resources";
			outputPaths = (
			);
			runOnlyForDeploymentPostprocessing = 0;
			shellPath = /bin/sh;
			shellScript = "\"${SRCROOT}/Pods/Target Support Files/Pods-Brastlewark/Pods-Brastlewark-resources.sh\"\n";
			showEnvVarsInLog = 0;
		};
/* End PBXShellScriptBuildPhase section */

/* Begin PBXSourcesBuildPhase section */
		0D51F8961E43F5B100A86035 /* Sources */ = {
			isa = PBXSourcesBuildPhase;
			buildActionMask = 2147483647;
			files = (
				0D51F93F1E44242500A86035 /* AppCoordinator.swift in Sources */,
				0D51F9261E44088E00A86035 /* Gnome.swift in Sources */,
				0D51F8C81E44000B00A86035 /* RxMoyaTarget.swift in Sources */,
				0D51F8CB1E44010000A86035 /* SampleDataHelper.swift in Sources */,
				0D51F9321E440FB900A86035 /* APIError.swift in Sources */,
				0D51F8DC1E4405AD00A86035 /* ImagePinchGestureRecognizer.swift in Sources */,
				0D51F8D51E44047800A86035 /* RemoteImageView.swift in Sources */,
				0D51F89E1E43F5B100A86035 /* AppDelegate.swift in Sources */,
				0D51F8D81E44050B00A86035 /* UIColor+Gnomes.swift in Sources */,
				0D51F9341E44107500A86035 /* GnomesNetworkingService.swift in Sources */,
				0D9D87021E444D730006422A /* GnomeDetailViewController.swift in Sources */,
				0D51F92E1E440B5300A86035 /* GnomesAPI.swift in Sources */,
				0D51F9281E4408CC00A86035 /* GnomeListViewModel.swift in Sources */,
				0D9D87061E444E700006422A /* GnomeDetailViewModel.swift in Sources */,
				0D51F8C41E43FF8300A86035 /* GnomesListViewController.swift in Sources */,
				0D51F9411E44245600A86035 /* GnomeCoordinator.swift in Sources */,
				0D51F9361E4410B500A86035 /* GnomesClient.swift in Sources */,
				0D51F8CE1E44038E00A86035 /* Response+Gloss.swift in Sources */,
				0DC538DA1E455DA1009DE01A /* DefaultsKey+Gnomes.swift in Sources */,
				0D51F8D31E44040300A86035 /* Observable+SubscribeNext.swift in Sources */,
				0D51F93B1E44192200A86035 /* GnomeTableViewCellViewModel.swift in Sources */,
				0D51F8D11E4403E300A86035 /* Observable+Gloss.swift in Sources */,
				0D51F9301E440F8D00A86035 /* UIViewcontoller+Convenience.swift in Sources */,
				0D51F92B1E44093000A86035 /* GnomeTableViewCell.swift in Sources */,
				0D51F8DA1E44056600A86035 /* UIFont+Gnomes.swift in Sources */,
				0D51F93D1E4423CF00A86035 /* Coordinator.swift in Sources */,
			);
			runOnlyForDeploymentPostprocessing = 0;
		};
/* End PBXSourcesBuildPhase section */

/* Begin PBXVariantGroup section */
		0D46B0E31E45A74D0051FDD6 /* Localizable.strings */ = {
			isa = PBXVariantGroup;
			children = (
				0D46B0E21E45A74D0051FDD6 /* en */,
				0D46B0E41E45A7590051FDD6 /* es */,
			);
			name = Localizable.strings;
			path = .;
			sourceTree = "<group>";
		};
/* End PBXVariantGroup section */

/* Begin XCBuildConfiguration section */
		0D51F8AA1E43F5B100A86035 /* Debug */ = {
			isa = XCBuildConfiguration;
			buildSettings = {
				ALWAYS_SEARCH_USER_PATHS = NO;
				CLANG_ANALYZER_LOCALIZABILITY_NONLOCALIZED = YES;
				CLANG_ANALYZER_NONNULL = YES;
				CLANG_CXX_LANGUAGE_STANDARD = "gnu++0x";
				CLANG_CXX_LIBRARY = "libc++";
				CLANG_ENABLE_MODULES = YES;
				CLANG_ENABLE_OBJC_ARC = YES;
				CLANG_WARN_BOOL_CONVERSION = YES;
				CLANG_WARN_CONSTANT_CONVERSION = YES;
				CLANG_WARN_DIRECT_OBJC_ISA_USAGE = YES_ERROR;
				CLANG_WARN_DOCUMENTATION_COMMENTS = YES;
				CLANG_WARN_EMPTY_BODY = YES;
				CLANG_WARN_ENUM_CONVERSION = YES;
				CLANG_WARN_INFINITE_RECURSION = YES;
				CLANG_WARN_INT_CONVERSION = YES;
				CLANG_WARN_OBJC_ROOT_CLASS = YES_ERROR;
				CLANG_WARN_SUSPICIOUS_MOVE = YES;
				CLANG_WARN_UNREACHABLE_CODE = YES;
				CLANG_WARN__DUPLICATE_METHOD_MATCH = YES;
				"CODE_SIGN_IDENTITY[sdk=iphoneos*]" = "iPhone Developer";
				COPY_PHASE_STRIP = NO;
				DEBUG_INFORMATION_FORMAT = dwarf;
				ENABLE_STRICT_OBJC_MSGSEND = YES;
				ENABLE_TESTABILITY = YES;
				GCC_C_LANGUAGE_STANDARD = gnu99;
				GCC_DYNAMIC_NO_PIC = NO;
				GCC_NO_COMMON_BLOCKS = YES;
				GCC_OPTIMIZATION_LEVEL = 0;
				GCC_PREPROCESSOR_DEFINITIONS = (
					"DEBUG=1",
					"$(inherited)",
				);
				GCC_WARN_64_TO_32_BIT_CONVERSION = YES;
				GCC_WARN_ABOUT_RETURN_TYPE = YES_ERROR;
				GCC_WARN_UNDECLARED_SELECTOR = YES;
				GCC_WARN_UNINITIALIZED_AUTOS = YES_AGGRESSIVE;
				GCC_WARN_UNUSED_FUNCTION = YES;
				GCC_WARN_UNUSED_VARIABLE = YES;
				IPHONEOS_DEPLOYMENT_TARGET = 10.2;
				MTL_ENABLE_DEBUG_INFO = YES;
				ONLY_ACTIVE_ARCH = YES;
				SDKROOT = iphoneos;
				SWIFT_ACTIVE_COMPILATION_CONDITIONS = DEBUG;
				SWIFT_OPTIMIZATION_LEVEL = "-Onone";
			};
			name = Debug;
		};
		0D51F8AB1E43F5B100A86035 /* Release */ = {
			isa = XCBuildConfiguration;
			buildSettings = {
				ALWAYS_SEARCH_USER_PATHS = NO;
				CLANG_ANALYZER_LOCALIZABILITY_NONLOCALIZED = YES;
				CLANG_ANALYZER_NONNULL = YES;
				CLANG_CXX_LANGUAGE_STANDARD = "gnu++0x";
				CLANG_CXX_LIBRARY = "libc++";
				CLANG_ENABLE_MODULES = YES;
				CLANG_ENABLE_OBJC_ARC = YES;
				CLANG_WARN_BOOL_CONVERSION = YES;
				CLANG_WARN_CONSTANT_CONVERSION = YES;
				CLANG_WARN_DIRECT_OBJC_ISA_USAGE = YES_ERROR;
				CLANG_WARN_DOCUMENTATION_COMMENTS = YES;
				CLANG_WARN_EMPTY_BODY = YES;
				CLANG_WARN_ENUM_CONVERSION = YES;
				CLANG_WARN_INFINITE_RECURSION = YES;
				CLANG_WARN_INT_CONVERSION = YES;
				CLANG_WARN_OBJC_ROOT_CLASS = YES_ERROR;
				CLANG_WARN_SUSPICIOUS_MOVE = YES;
				CLANG_WARN_UNREACHABLE_CODE = YES;
				CLANG_WARN__DUPLICATE_METHOD_MATCH = YES;
				"CODE_SIGN_IDENTITY[sdk=iphoneos*]" = "iPhone Developer";
				COPY_PHASE_STRIP = NO;
				DEBUG_INFORMATION_FORMAT = "dwarf-with-dsym";
				ENABLE_NS_ASSERTIONS = NO;
				ENABLE_STRICT_OBJC_MSGSEND = YES;
				GCC_C_LANGUAGE_STANDARD = gnu99;
				GCC_NO_COMMON_BLOCKS = YES;
				GCC_WARN_64_TO_32_BIT_CONVERSION = YES;
				GCC_WARN_ABOUT_RETURN_TYPE = YES_ERROR;
				GCC_WARN_UNDECLARED_SELECTOR = YES;
				GCC_WARN_UNINITIALIZED_AUTOS = YES_AGGRESSIVE;
				GCC_WARN_UNUSED_FUNCTION = YES;
				GCC_WARN_UNUSED_VARIABLE = YES;
				IPHONEOS_DEPLOYMENT_TARGET = 10.2;
				MTL_ENABLE_DEBUG_INFO = NO;
				SDKROOT = iphoneos;
				SWIFT_OPTIMIZATION_LEVEL = "-Owholemodule";
				VALIDATE_PRODUCT = YES;
			};
			name = Release;
		};
		0D51F8AD1E43F5B100A86035 /* Debug */ = {
			isa = XCBuildConfiguration;
			baseConfigurationReference = E2BC461B909E41A42E4E822F /* Pods-Brastlewark.debug.xcconfig */;
			buildSettings = {
				ASSETCATALOG_COMPILER_APPICON_NAME = AppIcon;
				DEVELOPMENT_TEAM = 6FWWP4MAGN;
				INFOPLIST_FILE = "Support Files/Info.plist";
				LD_RUNPATH_SEARCH_PATHS = "$(inherited) @executable_path/Frameworks";
				PRODUCT_BUNDLE_IDENTIFIER = com.osorioabel.brastlewark;
				PRODUCT_NAME = "$(TARGET_NAME)";
				SWIFT_VERSION = 3.0;
			};
			name = Debug;
		};
		0D51F8AE1E43F5B100A86035 /* Release */ = {
			isa = XCBuildConfiguration;
			baseConfigurationReference = B08C31FF1049605018AA3D65 /* Pods-Brastlewark.release.xcconfig */;
			buildSettings = {
				ASSETCATALOG_COMPILER_APPICON_NAME = AppIcon;
				DEVELOPMENT_TEAM = 6FWWP4MAGN;
				INFOPLIST_FILE = "Support Files/Info.plist";
				LD_RUNPATH_SEARCH_PATHS = "$(inherited) @executable_path/Frameworks";
				PRODUCT_BUNDLE_IDENTIFIER = com.osorioabel.brastlewark;
				PRODUCT_NAME = "$(TARGET_NAME)";
				SWIFT_VERSION = 3.0;
			};
			name = Release;
		};
/* End XCBuildConfiguration section */

/* Begin XCConfigurationList section */
		0D51F8951E43F5B100A86035 /* Build configuration list for PBXProject "Brastlewark" */ = {
			isa = XCConfigurationList;
			buildConfigurations = (
				0D51F8AA1E43F5B100A86035 /* Debug */,
				0D51F8AB1E43F5B100A86035 /* Release */,
			);
			defaultConfigurationIsVisible = 0;
			defaultConfigurationName = Release;
		};
		0D51F8AC1E43F5B100A86035 /* Build configuration list for PBXNativeTarget "Brastlewark" */ = {
			isa = XCConfigurationList;
			buildConfigurations = (
				0D51F8AD1E43F5B100A86035 /* Debug */,
				0D51F8AE1E43F5B100A86035 /* Release */,
			);
			defaultConfigurationIsVisible = 0;
			defaultConfigurationName = Release;
		};
/* End XCConfigurationList section */
	};
	rootObject = 0D51F8921E43F5B100A86035 /* Project object */;
}
